
Microsoft Visual Studio Solution File, Format Version 12.00
# Visual Studio 15
Project("{FAE04EC0-301F-11D3-BF4B-00C04F79EFBC}") = "EquationTransformer", "EquationTransformer\EquationTransformer.csproj", "{6BE2AB29-878F-4C9E-9F26-C56A00B97188}"
EndProject
Project("{FAE04EC0-301F-11D3-BF4B-00C04F79EFBC}") = "EquationTransformerTests", "EquationTransformerTests\EquationTransformerTests.csproj", "{57AF5C86-F864-4BBB-A569-04E7047DE5DF}"
EndProject
Global
	GlobalSection(SolutionConfigurationPlatforms) = preSolution
		Debug|Any CPU = Debug|Any CPU
		Release|Any CPU = Release|Any CPU
	EndGlobalSection
	GlobalSection(ProjectConfigurationPlatforms) = postSolution
		{6BE2AB29-878F-4C9E-9F26-C56A00B97188}.Debug|Any CPU.ActiveCfg = Debug|Any CPU
		{6BE2AB29-878F-4C9E-9F26-C56A00B97188}.Debug|Any CPU.Build.0 = Debug|Any CPU
		{6BE2AB29-878F-4C9E-9F26-C56A00B97188}.Release|Any CPU.ActiveCfg = Release|Any CPU
		{6BE2AB29-878F-4C9E-9F26-C56A00B97188}.Release|Any CPU.Build.0 = Release|Any CPU
		{57AF5C86-F864-4BBB-A569-04E7047DE5DF}.Debug|Any CPU.ActiveCfg = Debug|Any CPU
		{57AF5C86-F864-4BBB-A569-04E7047DE5DF}.Debug|Any CPU.Build.0 = Debug|Any CPU
		{57AF5C86-F864-4BBB-A569-04E7047DE5DF}.Release|Any CPU.ActiveCfg = Release|Any CPU
		{57AF5C86-F864-4BBB-A569-04E7047DE5DF}.Release|Any CPU.Build.0 = Release|Any CPU
	EndGlobalSection
EndGlobal
